PODS:
  - Alamofire (4.2.0)
  - AlamofireImage (3.2.0):
    - Alamofire (~> 4.1)
  - ImageSlideshow/Alamofire (1.0.0):
    - AlamofireImage (~> 3.0)
    - ImageSlideshow/Core
  - ImageSlideshow/Core (1.0.0)

DEPENDENCIES:
  - Alamofire
  - AlamofireImage
  - ImageSlideshow/Alamofire

SPEC CHECKSUMS:
  Alamofire: aa2e09d871c9160ac53c90e83c68064a94e3dfbe
  AlamofireImage: 157ed682cc81d3b9db4fb90c1f12180ac552d93b
  ImageSlideshow: 2787e10e202b79ecf5348a205c539fcc5bb8e62b

PODFILE CHECKSUM: a4518d244a9e9b658da7b2d07a19c893f45328b4

COCOAPODS: 1.1.1
