// !$*UTF8*$!
{
	archiveVersion = 1;
	classes = {
	};
	objectVersion = 46;
	objects = {

/* Begin PBXBuildFile section */
		289C14AB982A4576BC65BBC3 /* Pods_ShopApp.framework in Frameworks */ = {isa = PBXBuildFile; fileRef = F96292E7693DE015285DF1D3 /* Pods_ShopApp.framework */; };
		317DECB11DCDA70200B8F447 /* polar_bear_penguin.jpg in Resources */ = {isa = PBXBuildFile; fileRef = 317DECB01DCDA70200B8F447 /* polar_bear_penguin.jpg */; };
		31BA709C1DC3090D009A72D6 /* AppDelegate.swift in Sources */ = {isa = PBXBuildFile; fileRef = 31BA709B1DC3090D009A72D6 /* AppDelegate.swift */; };
		31BA70A11DC3090D009A72D6 /* Main.storyboard in Resources */ = {isa = PBXBuildFile; fileRef = 31BA709F1DC3090D009A72D6 /* Main.storyboard */; };
		31BA70A31DC3090D009A72D6 /* Assets.xcassets in Resources */ = {isa = PBXBuildFile; fileRef = 31BA70A21DC3090D009A72D6 /* Assets.xcassets */; };
		31BA70A61DC3090D009A72D6 /* LaunchScreen.storyboard in Resources */ = {isa = PBXBuildFile; fileRef = 31BA70A41DC3090D009A72D6 /* LaunchScreen.storyboard */; };
		31BA70B11DC3090D009A72D6 /* ShopAppTests.swift in Sources */ = {isa = PBXBuildFile; fileRef = 31BA70B01DC3090D009A72D6 /* ShopAppTests.swift */; };
		31BA70BC1DC30BB6009A72D6 /* PushPopNavigationViewController.swift in Sources */ = {isa = PBXBuildFile; fileRef = 31BA70BB1DC30BB6009A72D6 /* PushPopNavigationViewController.swift */; };
		31BA70BF1DC30DC8009A72D6 /* User.swift in Sources */ = {isa = PBXBuildFile; fileRef = 31BA70BE1DC30DC8009A72D6 /* User.swift */; };
		31BA70C21DC31275009A72D6 /* JustArrivedViewController.swift in Sources */ = {isa = PBXBuildFile; fileRef = 31BA70C11DC31275009A72D6 /* JustArrivedViewController.swift */; };
		31BA70C51DC312F3009A72D6 /* Constant.swift in Sources */ = {isa = PBXBuildFile; fileRef = 31BA70C41DC312F3009A72D6 /* Constant.swift */; };
		31BA70C81DC31375009A72D6 /* JustArrivedCell0TableViewCell.swift in Sources */ = {isa = PBXBuildFile; fileRef = 31BA70C71DC31375009A72D6 /* JustArrivedCell0TableViewCell.swift */; };
		31BA70CA1DC31400009A72D6 /* ShowCollection.jpg in Resources */ = {isa = PBXBuildFile; fileRef = 31BA70C91DC31400009A72D6 /* ShowCollection.jpg */; };
		31BA70CD1DC3174D009A72D6 /* ShopViewController.swift in Sources */ = {isa = PBXBuildFile; fileRef = 31BA70CC1DC3174D009A72D6 /* ShopViewController.swift */; };
		31BA70CF1DC318BB009A72D6 /* ProductViewController.swift in Sources */ = {isa = PBXBuildFile; fileRef = 31BA70CE1DC318BB009A72D6 /* ProductViewController.swift */; };
		31BA70D21DC31B6B009A72D6 /* main_image.jpg in Resources */ = {isa = PBXBuildFile; fileRef = 31BA70D11DC31B6B009A72D6 /* main_image.jpg */; };
		31BA70D41DC321D5009A72D6 /* ProductDetailViewController.swift in Sources */ = {isa = PBXBuildFile; fileRef = 31BA70D31DC321D5009A72D6 /* ProductDetailViewController.swift */; };
		31BA70D71DC32405009A72D6 /* ProductDetailHeader.swift in Sources */ = {isa = PBXBuildFile; fileRef = 31BA70D61DC32405009A72D6 /* ProductDetailHeader.swift */; };
		31BA70D91DC3294C009A72D6 /* CartViewController.swift in Sources */ = {isa = PBXBuildFile; fileRef = 31BA70D81DC3294C009A72D6 /* CartViewController.swift */; };
		31BA70DC1DC32959009A72D6 /* SearchViewController.swift in Sources */ = {isa = PBXBuildFile; fileRef = 31BA70DB1DC32959009A72D6 /* SearchViewController.swift */; };
		31BA70DF1DC32968009A72D6 /* AccountViewController.swift in Sources */ = {isa = PBXBuildFile; fileRef = 31BA70DE1DC32968009A72D6 /* AccountViewController.swift */; };
		31BA70E21DC337FB009A72D6 /* WishlishViewController.swift in Sources */ = {isa = PBXBuildFile; fileRef = 31BA70E11DC337FB009A72D6 /* WishlishViewController.swift */; };
		FBD137D264618D3EB612EC2C /* Pods_ShopAppTests.framework in Frameworks */ = {isa = PBXBuildFile; fileRef = 44CE26B57D7E9C56B42B0F8E /* Pods_ShopAppTests.framework */; };
/* End PBXBuildFile section */

/* Begin PBXContainerItemProxy section */
		31BA70AD1DC3090D009A72D6 /* PBXContainerItemProxy */ = {
			isa = PBXContainerItemProxy;
			containerPortal = 31BA70901DC3090D009A72D6 /* Project object */;
			proxyType = 1;
			remoteGlobalIDString = 31BA70971DC3090D009A72D6;
			remoteInfo = ShopApp;
		};
/* End PBXContainerItemProxy section */

/* Begin PBXFileReference section */
		09E5EC93861388DF9B10010A /* Pods-ShopAppTests.debug.xcconfig */ = {isa = PBXFileReference; includeInIndex = 1; lastKnownFileType = text.xcconfig; name = "Pods-ShopAppTests.debug.xcconfig"; path = "Pods/Target Support Files/Pods-ShopAppTests/Pods-ShopAppTests.debug.xcconfig"; sourceTree = "<group>"; };
		317DECB01DCDA70200B8F447 /* polar_bear_penguin.jpg */ = {isa = PBXFileReference; lastKnownFileType = image.jpeg; path = polar_bear_penguin.jpg; sourceTree = "<group>"; };
		31BA70981DC3090D009A72D6 /* ShopApp.app */ = {isa = PBXFileReference; explicitFileType = wrapper.application; includeInIndex = 0; path = ShopApp.app; sourceTree = BUILT_PRODUCTS_DIR; };
		31BA709B1DC3090D009A72D6 /* AppDelegate.swift */ = {isa = PBXFileReference; lastKnownFileType = sourcecode.swift; path = AppDelegate.swift; sourceTree = "<group>"; };
		31BA70A01DC3090D009A72D6 /* Base */ = {isa = PBXFileReference; lastKnownFileType = file.storyboard; name = Base; path = Base.lproj/Main.storyboard; sourceTree = "<group>"; };
		31BA70A21DC3090D009A72D6 /* Assets.xcassets */ = {isa = PBXFileReference; lastKnownFileType = folder.assetcatalog; path = Assets.xcassets; sourceTree = "<group>"; };
		31BA70A51DC3090D009A72D6 /* Base */ = {isa = PBXFileReference; lastKnownFileType = file.storyboard; name = Base; path = Base.lproj/LaunchScreen.storyboard; sourceTree = "<group>"; };
		31BA70A71DC3090D009A72D6 /* Info.plist */ = {isa = PBXFileReference; lastKnownFileType = text.plist.xml; path = Info.plist; sourceTree = "<group>"; };
		31BA70AC1DC3090D009A72D6 /* ShopAppTests.xctest */ = {isa = PBXFileReference; explicitFileType = wrapper.cfbundle; includeInIndex = 0; path = ShopAppTests.xctest; sourceTree = BUILT_PRODUCTS_DIR; };
		31BA70B01DC3090D009A72D6 /* ShopAppTests.swift */ = {isa = PBXFileReference; lastKnownFileType = sourcecode.swift; path = ShopAppTests.swift; sourceTree = "<group>"; };
		31BA70B21DC3090D009A72D6 /* Info.plist */ = {isa = PBXFileReference; lastKnownFileType = text.plist.xml; path = Info.plist; sourceTree = "<group>"; };
		31BA70BB1DC30BB6009A72D6 /* PushPopNavigationViewController.swift */ = {isa = PBXFileReference; fileEncoding = 4; lastKnownFileType = sourcecode.swift; path = PushPopNavigationViewController.swift; sourceTree = "<group>"; };
		31BA70BE1DC30DC8009A72D6 /* User.swift */ = {isa = PBXFileReference; fileEncoding = 4; lastKnownFileType = sourcecode.swift; path = User.swift; sourceTree = "<group>"; };
		31BA70C11DC31275009A72D6 /* JustArrivedViewController.swift */ = {isa = PBXFileReference; fileEncoding = 4; lastKnownFileType = sourcecode.swift; path = JustArrivedViewController.swift; sourceTree = "<group>"; };
		31BA70C41DC312F3009A72D6 /* Constant.swift */ = {isa = PBXFileReference; fileEncoding = 4; lastKnownFileType = sourcecode.swift; path = Constant.swift; sourceTree = "<group>"; };
		31BA70C71DC31375009A72D6 /* JustArrivedCell0TableViewCell.swift */ = {isa = PBXFileReference; fileEncoding = 4; lastKnownFileType = sourcecode.swift; path = JustArrivedCell0TableViewCell.swift; sourceTree = "<group>"; };
		31BA70C91DC31400009A72D6 /* ShowCollection.jpg */ = {isa = PBXFileReference; lastKnownFileType = image.jpeg; path = ShowCollection.jpg; sourceTree = "<group>"; };
		31BA70CC1DC3174D009A72D6 /* ShopViewController.swift */ = {isa = PBXFileReference; fileEncoding = 4; lastKnownFileType = sourcecode.swift; path = ShopViewController.swift; sourceTree = "<group>"; };
		31BA70CE1DC318BB009A72D6 /* ProductViewController.swift */ = {isa = PBXFileReference; fileEncoding = 4; lastKnownFileType = sourcecode.swift; path = ProductViewController.swift; sourceTree = "<group>"; };
		31BA70D11DC31B6B009A72D6 /* main_image.jpg */ = {isa = PBXFileReference; lastKnownFileType = image.jpeg; path = main_image.jpg; sourceTree = "<group>"; };
		31BA70D31DC321D5009A72D6 /* ProductDetailViewController.swift */ = {isa = PBXFileReference; fileEncoding = 4; lastKnownFileType = sourcecode.swift; path = ProductDetailViewController.swift; sourceTree = "<group>"; };
		31BA70D61DC32405009A72D6 /* ProductDetailHeader.swift */ = {isa = PBXFileReference; fileEncoding = 4; lastKnownFileType = sourcecode.swift; path = ProductDetailHeader.swift; sourceTree = "<group>"; };
		31BA70D81DC3294C009A72D6 /* CartViewController.swift */ = {isa = PBXFileReference; fileEncoding = 4; lastKnownFileType = sourcecode.swift; path = CartViewController.swift; sourceTree = "<group>"; };
		31BA70DB1DC32959009A72D6 /* SearchViewController.swift */ = {isa = PBXFileReference; fileEncoding = 4; lastKnownFileType = sourcecode.swift; path = SearchViewController.swift; sourceTree = "<group>"; };
		31BA70DE1DC32968009A72D6 /* AccountViewController.swift */ = {isa = PBXFileReference; fileEncoding = 4; lastKnownFileType = sourcecode.swift; path = AccountViewController.swift; sourceTree = "<group>"; };
		31BA70E11DC337FB009A72D6 /* WishlishViewController.swift */ = {isa = PBXFileReference; fileEncoding = 4; lastKnownFileType = sourcecode.swift; path = WishlishViewController.swift; sourceTree = "<group>"; };
		44CE26B57D7E9C56B42B0F8E /* Pods_ShopAppTests.framework */ = {isa = PBXFileReference; explicitFileType = wrapper.framework; includeInIndex = 0; path = Pods_ShopAppTests.framework; sourceTree = BUILT_PRODUCTS_DIR; };
		CF2616DBBF49FBA63E11BBFC /* Pods-ShopAppTests.release.xcconfig */ = {isa = PBXFileReference; includeInIndex = 1; lastKnownFileType = text.xcconfig; name = "Pods-ShopAppTests.release.xcconfig"; path = "Pods/Target Support Files/Pods-ShopAppTests/Pods-ShopAppTests.release.xcconfig"; sourceTree = "<group>"; };
		DFD1301772C991D650F72468 /* Pods-ShopApp.release.xcconfig */ = {isa = PBXFileReference; includeInIndex = 1; lastKnownFileType = text.xcconfig; name = "Pods-ShopApp.release.xcconfig"; path = "Pods/Target Support Files/Pods-ShopApp/Pods-ShopApp.release.xcconfig"; sourceTree = "<group>"; };
		F24660B47D290DE1784B337C /* Pods-ShopApp.debug.xcconfig */ = {isa = PBXFileReference; includeInIndex = 1; lastKnownFileType = text.xcconfig; name = "Pods-ShopApp.debug.xcconfig"; path = "Pods/Target Support Files/Pods-ShopApp/Pods-ShopApp.debug.xcconfig"; sourceTree = "<group>"; };
		F96292E7693DE015285DF1D3 /* Pods_ShopApp.framework */ = {isa = PBXFileReference; explicitFileType = wrapper.framework; includeInIndex = 0; path = Pods_ShopApp.framework; sourceTree = BUILT_PRODUCTS_DIR; };
/* End PBXFileReference section */

/* Begin PBXFrameworksBuildPhase section */
		31BA70951DC3090D009A72D6 /* Frameworks */ = {
			isa = PBXFrameworksBuildPhase;
			buildActionMask = 2147483647;
			files = (
				289C14AB982A4576BC65BBC3 /* Pods_ShopApp.framework in Frameworks */,
			);
			runOnlyForDeploymentPostprocessing = 0;
		};
		31BA70A91DC3090D009A72D6 /* Frameworks */ = {
			isa = PBXFrameworksBuildPhase;
			buildActionMask = 2147483647;
			files = (
				FBD137D264618D3EB612EC2C /* Pods_ShopAppTests.framework in Frameworks */,
			);
			runOnlyForDeploymentPostprocessing = 0;
		};
/* End PBXFrameworksBuildPhase section */

/* Begin PBXGroup section */
		31BA708F1DC3090D009A72D6 = {
			isa = PBXGroup;
			children = (
				31BA709A1DC3090D009A72D6 /* ShopApp */,
				31BA70AF1DC3090D009A72D6 /* ShopAppTests */,
				31BA70991DC3090D009A72D6 /* Products */,
				F7BE98739A387AD07C6F5754 /* Pods */,
				B53D952565106FFA3CC7976E /* Frameworks */,
			);
			sourceTree = "<group>";
		};
		31BA70991DC3090D009A72D6 /* Products */ = {
			isa = PBXGroup;
			children = (
				31BA70981DC3090D009A72D6 /* ShopApp.app */,
				31BA70AC1DC3090D009A72D6 /* ShopAppTests.xctest */,
			);
			name = Products;
			sourceTree = "<group>";
		};
		31BA709A1DC3090D009A72D6 /* ShopApp */ = {
			isa = PBXGroup;
			children = (
				31BA709B1DC3090D009A72D6 /* AppDelegate.swift */,
				31BA70C01DC30EBC009A72D6 /* ViewController */,
				31BA70BD1DC30DAB009A72D6 /* DataModel */,
				31BA709F1DC3090D009A72D6 /* Main.storyboard */,
				31BA70BB1DC30BB6009A72D6 /* PushPopNavigationViewController.swift */,
				31BA70C91DC31400009A72D6 /* ShowCollection.jpg */,
				31BA70D11DC31B6B009A72D6 /* main_image.jpg */,
				31BA70C31DC312D2009A72D6 /* Class */,
				31BA70A21DC3090D009A72D6 /* Assets.xcassets */,
				317DECB01DCDA70200B8F447 /* polar_bear_penguin.jpg */,
				31BA70A41DC3090D009A72D6 /* LaunchScreen.storyboard */,
				31BA70A71DC3090D009A72D6 /* Info.plist */,
			);
			path = ShopApp;
			sourceTree = "<group>";
		};
		31BA70AF1DC3090D009A72D6 /* ShopAppTests */ = {
			isa = PBXGroup;
			children = (
				31BA70B01DC3090D009A72D6 /* ShopAppTests.swift */,
				31BA70B21DC3090D009A72D6 /* Info.plist */,
			);
			path = ShopAppTests;
			sourceTree = "<group>";
		};
		31BA70BD1DC30DAB009A72D6 /* DataModel */ = {
			isa = PBXGroup;
			children = (
				31BA70BE1DC30DC8009A72D6 /* User.swift */,
			);
			name = DataModel;
			sourceTree = "<group>";
		};
		31BA70C01DC30EBC009A72D6 /* ViewController */ = {
			isa = PBXGroup;
			children = (
				31BA70CB1DC3173E009A72D6 /* Shop */,
				31BA70C61DC31355009A72D6 /* JustArrived */,
				31BA70D01DC318C8009A72D6 /* Product */,
				31BA70D51DC321DE009A72D6 /* ProductDetail */,
				31BA70DA1DC32950009A72D6 /* Cart */,
				31BA70DD1DC3295C009A72D6 /* Search */,
				31BA70E01DC3296B009A72D6 /* Account */,
				31BA70E11DC337FB009A72D6 /* WishlishViewController.swift */,
			);
			name = ViewController;
			sourceTree = "<group>";
		};
		31BA70C31DC312D2009A72D6 /* Class */ = {
			isa = PBXGroup;
			children = (
				31BA70C41DC312F3009A72D6 /* Constant.swift */,
			);
			name = Class;
			sourceTree = "<group>";
		};
		31BA70C61DC31355009A72D6 /* JustArrived */ = {
			isa = PBXGroup;
			children = (
				31BA70C11DC31275009A72D6 /* JustArrivedViewController.swift */,
				31BA70C71DC31375009A72D6 /* JustArrivedCell0TableViewCell.swift */,
			);
			name = JustArrived;
			sourceTree = "<group>";
		};
		31BA70CB1DC3173E009A72D6 /* Shop */ = {
			isa = PBXGroup;
			children = (
				31BA70CC1DC3174D009A72D6 /* ShopViewController.swift */,
			);
			name = Shop;
			sourceTree = "<group>";
		};
		31BA70D01DC318C8009A72D6 /* Product */ = {
			isa = PBXGroup;
			children = (
				31BA70CE1DC318BB009A72D6 /* ProductViewController.swift */,
			);
			name = Product;
			sourceTree = "<group>";
		};
		31BA70D51DC321DE009A72D6 /* ProductDetail */ = {
			isa = PBXGroup;
			children = (
				31BA70D31DC321D5009A72D6 /* ProductDetailViewController.swift */,
				31BA70D61DC32405009A72D6 /* ProductDetailHeader.swift */,
			);
			name = ProductDetail;
			sourceTree = "<group>";
		};
		31BA70DA1DC32950009A72D6 /* Cart */ = {
			isa = PBXGroup;
			children = (
				31BA70D81DC3294C009A72D6 /* CartViewController.swift */,
			);
			name = Cart;
			sourceTree = "<group>";
		};
		31BA70DD1DC3295C009A72D6 /* Search */ = {
			isa = PBXGroup;
			children = (
				31BA70DB1DC32959009A72D6 /* SearchViewController.swift */,
			);
			name = Search;
			sourceTree = "<group>";
		};
		31BA70E01DC3296B009A72D6 /* Account */ = {
			isa = PBXGroup;
			children = (
				31BA70DE1DC32968009A72D6 /* AccountViewController.swift */,
			);
			name = Account;
			sourceTree = "<group>";
		};
		B53D952565106FFA3CC7976E /* Frameworks */ = {
			isa = PBXGroup;
			children = (
				F96292E7693DE015285DF1D3 /* Pods_ShopApp.framework */,
				44CE26B57D7E9C56B42B0F8E /* Pods_ShopAppTests.framework */,
			);
			name = Frameworks;
			sourceTree = "<group>";
		};
		F7BE98739A387AD07C6F5754 /* Pods */ = {
			isa = PBXGroup;
			children = (
				F24660B47D290DE1784B337C /* Pods-ShopApp.debug.xcconfig */,
				DFD1301772C991D650F72468 /* Pods-ShopApp.release.xcconfig */,
				09E5EC93861388DF9B10010A /* Pods-ShopAppTests.debug.xcconfig */,
				CF2616DBBF49FBA63E11BBFC /* Pods-ShopAppTests.release.xcconfig */,
			);
			name = Pods;
			sourceTree = "<group>";
		};
/* End PBXGroup section */

/* Begin PBXNativeTarget section */
		31BA70971DC3090D009A72D6 /* ShopApp */ = {
			isa = PBXNativeTarget;
			buildConfigurationList = 31BA70B51DC3090D009A72D6 /* Build configuration list for PBXNativeTarget "ShopApp" */;
			buildPhases = (
				1B571DD3C5ACA1C10B98C0A0 /* [CP] Check Pods Manifest.lock */,
				31BA70941DC3090D009A72D6 /* Sources */,
				31BA70951DC3090D009A72D6 /* Frameworks */,
				31BA70961DC3090D009A72D6 /* Resources */,
				388EE28B9625059393CFFD10 /* [CP] Embed Pods Frameworks */,
				250F116EC6E0531B95DDA368 /* [CP] Copy Pods Resources */,
			);
			buildRules = (
			);
			dependencies = (
			);
			name = ShopApp;
			productName = ShopApp;
			productReference = 31BA70981DC3090D009A72D6 /* ShopApp.app */;
			productType = "com.apple.product-type.application";
		};
		31BA70AB1DC3090D009A72D6 /* ShopAppTests */ = {
			isa = PBXNativeTarget;
			buildConfigurationList = 31BA70B81DC3090D009A72D6 /* Build configuration list for PBXNativeTarget "ShopAppTests" */;
			buildPhases = (
				BE4BE230F5303C9377CF2114 /* [CP] Check Pods Manifest.lock */,
				31BA70A81DC3090D009A72D6 /* Sources */,
				31BA70A91DC3090D009A72D6 /* Frameworks */,
				31BA70AA1DC3090D009A72D6 /* Resources */,
				DE15BA5E4F45C3FB977A35C6 /* [CP] Embed Pods Frameworks */,
				2F5F6D189D0B34E0876B6E85 /* [CP] Copy Pods Resources */,
			);
			buildRules = (
			);
			dependencies = (
				31BA70AE1DC3090D009A72D6 /* PBXTargetDependency */,
			);
			name = ShopAppTests;
			productName = ShopAppTests;
			productReference = 31BA70AC1DC3090D009A72D6 /* ShopAppTests.xctest */;
			productType = "com.apple.product-type.bundle.unit-test";
		};
/* End PBXNativeTarget section */

/* Begin PBXProject section */
		31BA70901DC3090D009A72D6 /* Project object */ = {
			isa = PBXProject;
			attributes = {
				LastSwiftUpdateCheck = 0800;
				LastUpgradeCheck = 0810;
				ORGANIZATIONNAME = "Jakkawad Chaiplee";
				TargetAttributes = {
					31BA70971DC3090D009A72D6 = {
						CreatedOnToolsVersion = 8.0;
						DevelopmentTeam = W6X8G863UY;
						ProvisioningStyle = Automatic;
					};
					31BA70AB1DC3090D009A72D6 = {
						CreatedOnToolsVersion = 8.0;
						ProvisioningStyle = Automatic;
						TestTargetID = 31BA70971DC3090D009A72D6;
					};
				};
			};
			buildConfigurationList = 31BA70931DC3090D009A72D6 /* Build configuration list for PBXProject "ShopApp" */;
			compatibilityVersion = "Xcode 3.2";
			developmentRegion = English;
			hasScannedForEncodings = 0;
			knownRegions = (
				en,
				Base,
			);
			mainGroup = 31BA708F1DC3090D009A72D6;
			productRefGroup = 31BA70991DC3090D009A72D6 /* Products */;
			projectDirPath = "";
			projectRoot = "";
			targets = (
				31BA70971DC3090D009A72D6 /* ShopApp */,
				31BA70AB1DC3090D009A72D6 /* ShopAppTests */,
			);
		};
/* End PBXProject section */

/* Begin PBXResourcesBuildPhase section */
		31BA70961DC3090D009A72D6 /* Resources */ = {
			isa = PBXResourcesBuildPhase;
			buildActionMask = 2147483647;
			files = (
				31BA70A61DC3090D009A72D6 /* LaunchScreen.storyboard in Resources */,
				317DECB11DCDA70200B8F447 /* polar_bear_penguin.jpg in Resources */,
				31BA70D21DC31B6B009A72D6 /* main_image.jpg in Resources */,
				31BA70A31DC3090D009A72D6 /* Assets.xcassets in Resources */,
				31BA70A11DC3090D009A72D6 /* Main.storyboard in Resources */,
				31BA70CA1DC31400009A72D6 /* ShowCollection.jpg in Resources */,
			);
			runOnlyForDeploymentPostprocessing = 0;
		};
		31BA70AA1DC3090D009A72D6 /* Resources */ = {
			isa = PBXResourcesBuildPhase;
			buildActionMask = 2147483647;
			files = (
			);
			runOnlyForDeploymentPostprocessing = 0;
		};
/* End PBXResourcesBuildPhase section */

/* Begin PBXShellScriptBuildPhase section */
		1B571DD3C5ACA1C10B98C0A0 /* [CP] Check Pods Manifest.lock */ = {
			isa = PBXShellScriptBuildPhase;
			buildActionMask = 2147483647;
			files = (
			);
			inputPaths = (
			);
			name = "[CP] Check Pods Manifest.lock";
			outputPaths = (
			);
			runOnlyForDeploymentPostprocessing = 0;
			shellPath = /bin/sh;
			shellScript = "diff \"${PODS_ROOT}/../Podfile.lock\" \"${PODS_ROOT}/Manifest.lock\" > /dev/null\nif [ $? != 0 ] ; then\n    # print error to STDERR\n    echo \"error: The sandbox is not in sync with the Podfile.lock. Run 'pod install' or update your CocoaPods installation.\" >&2\n    exit 1\nfi\n";
			showEnvVarsInLog = 0;
		};
		250F116EC6E0531B95DDA368 /* [CP] Copy Pods Resources */ = {
			isa = PBXShellScriptBuildPhase;
			buildActionMask = 2147483647;
			files = (
			);
			inputPaths = (
			);
			name = "[CP] Copy Pods Resources";
			outputPaths = (
			);
			runOnlyForDeploymentPostprocessing = 0;
			shellPath = /bin/sh;
			shellScript = "\"${SRCROOT}/Pods/Target Support Files/Pods-ShopApp/Pods-ShopApp-resources.sh\"\n";
			showEnvVarsInLog = 0;
		};
		2F5F6D189D0B34E0876B6E85 /* [CP] Copy Pods Resources */ = {
			isa = PBXShellScriptBuildPhase;
			buildActionMask = 2147483647;
			files = (
			);
			inputPaths = (
			);
			name = "[CP] Copy Pods Resources";
			outputPaths = (
			);
			runOnlyForDeploymentPostprocessing = 0;
			shellPath = /bin/sh;
			shellScript = "\"${SRCROOT}/Pods/Target Support Files/Pods-ShopAppTests/Pods-ShopAppTests-resources.sh\"\n";
			showEnvVarsInLog = 0;
		};
		388EE28B9625059393CFFD10 /* [CP] Embed Pods Frameworks */ = {
			isa = PBXShellScriptBuildPhase;
			buildActionMask = 2147483647;
			files = (
			);
			inputPaths = (
			);
			name = "[CP] Embed Pods Frameworks";
			outputPaths = (
			);
			runOnlyForDeploymentPostprocessing = 0;
			shellPath = /bin/sh;
			shellScript = "\"${SRCROOT}/Pods/Target Support Files/Pods-ShopApp/Pods-ShopApp-frameworks.sh\"\n";
			showEnvVarsInLog = 0;
		};
		BE4BE230F5303C9377CF2114 /* [CP] Check Pods Manifest.lock */ = {
			isa = PBXShellScriptBuildPhase;
			buildActionMask = 2147483647;
			files = (
			);
			inputPaths = (
			);
			name = "[CP] Check Pods Manifest.lock";
			outputPaths = (
			);
			runOnlyForDeploymentPostprocessing = 0;
			shellPath = /bin/sh;
			shellScript = "diff \"${PODS_ROOT}/../Podfile.lock\" \"${PODS_ROOT}/Manifest.lock\" > /dev/null\nif [ $? != 0 ] ; then\n    # print error to STDERR\n    echo \"error: The sandbox is not in sync with the Podfile.lock. Run 'pod install' or update your CocoaPods installation.\" >&2\n    exit 1\nfi\n";
			showEnvVarsInLog = 0;
		};
		DE15BA5E4F45C3FB977A35C6 /* [CP] Embed Pods Frameworks */ = {
			isa = PBXShellScriptBuildPhase;
			buildActionMask = 2147483647;
			files = (
			);
			inputPaths = (
			);
			name = "[CP] Embed Pods Frameworks";
			outputPaths = (
			);
			runOnlyForDeploymentPostprocessing = 0;
			shellPath = /bin/sh;
			shellScript = "\"${SRCROOT}/Pods/Target Support Files/Pods-ShopAppTests/Pods-ShopAppTests-frameworks.sh\"\n";
			showEnvVarsInLog = 0;
		};
/* End PBXShellScriptBuildPhase section */

/* Begin PBXSourcesBuildPhase section */
		31BA70941DC3090D009A72D6 /* Sources */ = {
			isa = PBXSourcesBuildPhase;
			buildActionMask = 2147483647;
			files = (
				31BA70C21DC31275009A72D6 /* JustArrivedViewController.swift in Sources */,
				31BA70BF1DC30DC8009A72D6 /* User.swift in Sources */,
				31BA70DF1DC32968009A72D6 /* AccountViewController.swift in Sources */,
				31BA70D41DC321D5009A72D6 /* ProductDetailViewController.swift in Sources */,
				31BA70C81DC31375009A72D6 /* JustArrivedCell0TableViewCell.swift in Sources */,
				31BA70E21DC337FB009A72D6 /* WishlishViewController.swift in Sources */,
				31BA70C51DC312F3009A72D6 /* Constant.swift in Sources */,
				31BA70BC1DC30BB6009A72D6 /* PushPopNavigationViewController.swift in Sources */,
				31BA70DC1DC32959009A72D6 /* SearchViewController.swift in Sources */,
				31BA70CD1DC3174D009A72D6 /* ShopViewController.swift in Sources */,
				31BA70D91DC3294C009A72D6 /* CartViewController.swift in Sources */,
				31BA70D71DC32405009A72D6 /* ProductDetailHeader.swift in Sources */,
				31BA70CF1DC318BB009A72D6 /* ProductViewController.swift in Sources */,
				31BA709C1DC3090D009A72D6 /* AppDelegate.swift in Sources */,
			);
			runOnlyForDeploymentPostprocessing = 0;
		};
		31BA70A81DC3090D009A72D6 /* Sources */ = {
			isa = PBXSourcesBuildPhase;
			buildActionMask = 2147483647;
			files = (
				31BA70B11DC3090D009A72D6 /* ShopAppTests.swift in Sources */,
			);
			runOnlyForDeploymentPostprocessing = 0;
		};
/* End PBXSourcesBuildPhase section */

/* Begin PBXTargetDependency section */
		31BA70AE1DC3090D009A72D6 /* PBXTargetDependency */ = {
			isa = PBXTargetDependency;
			target = 31BA70971DC3090D009A72D6 /* ShopApp */;
			targetProxy = 31BA70AD1DC3090D009A72D6 /* PBXContainerItemProxy */;
		};
/* End PBXTargetDependency section */

/* Begin PBXVariantGroup section */
		31BA709F1DC3090D009A72D6 /* Main.storyboard */ = {
			isa = PBXVariantGroup;
			children = (
				31BA70A01DC3090D009A72D6 /* Base */,
			);
			name = Main.storyboard;
			sourceTree = "<group>";
		};
		31BA70A41DC3090D009A72D6 /* LaunchScreen.storyboard */ = {
			isa = PBXVariantGroup;
			children = (
				31BA70A51DC3090D009A72D6 /* Base */,
			);
			name = LaunchScreen.storyboard;
			sourceTree = "<group>";
		};
/* End PBXVariantGroup section */

/* Begin XCBuildConfiguration section */
		31BA70B31DC3090D009A72D6 /* Debug */ = {
			isa = XCBuildConfiguration;
			buildSettings = {
				ALWAYS_SEARCH_USER_PATHS = NO;
				CLANG_ANALYZER_NONNULL = YES;
				CLANG_CXX_LANGUAGE_STANDARD = "gnu++0x";
				CLANG_CXX_LIBRARY = "libc++";
				CLANG_ENABLE_MODULES = YES;
				CLANG_ENABLE_OBJC_ARC = YES;
				CLANG_WARN_BOOL_CONVERSION = YES;
				CLANG_WARN_CONSTANT_CONVERSION = YES;
				CLANG_WARN_DIRECT_OBJC_ISA_USAGE = YES_ERROR;
				CLANG_WARN_DOCUMENTATION_COMMENTS = YES;
				CLANG_WARN_EMPTY_BODY = YES;
				CLANG_WARN_ENUM_CONVERSION = YES;
				CLANG_WARN_INFINITE_RECURSION = YES;
				CLANG_WARN_INT_CONVERSION = YES;
				CLANG_WARN_OBJC_ROOT_CLASS = YES_ERROR;
				CLANG_WARN_SUSPICIOUS_MOVE = YES;
				CLANG_WARN_SUSPICIOUS_MOVES = YES;
				CLANG_WARN_UNREACHABLE_CODE = YES;
				CLANG_WARN__DUPLICATE_METHOD_MATCH = YES;
				"CODE_SIGN_IDENTITY[sdk=iphoneos*]" = "iPhone Developer";
				COPY_PHASE_STRIP = NO;
				DEBUG_INFORMATION_FORMAT = dwarf;
				ENABLE_STRICT_OBJC_MSGSEND = YES;
				ENABLE_TESTABILITY = YES;
				GCC_C_LANGUAGE_STANDARD = gnu99;
				GCC_DYNAMIC_NO_PIC = NO;
				GCC_NO_COMMON_BLOCKS = YES;
				GCC_OPTIMIZATION_LEVEL = 0;
				GCC_PREPROCESSOR_DEFINITIONS = (
					"DEBUG=1",
					"$(inherited)",
				);
				GCC_WARN_64_TO_32_BIT_CONVERSION = YES;
				GCC_WARN_ABOUT_RETURN_TYPE = YES_ERROR;
				GCC_WARN_UNDECLARED_SELECTOR = YES;
				GCC_WARN_UNINITIALIZED_AUTOS = YES_AGGRESSIVE;
				GCC_WARN_UNUSED_FUNCTION = YES;
				GCC_WARN_UNUSED_VARIABLE = YES;
				IPHONEOS_DEPLOYMENT_TARGET = 10.0;
				MTL_ENABLE_DEBUG_INFO = YES;
				ONLY_ACTIVE_ARCH = YES;
				SDKROOT = iphoneos;
				SWIFT_ACTIVE_COMPILATION_CONDITIONS = DEBUG;
				SWIFT_OPTIMIZATION_LEVEL = "-Onone";
			};
			name = Debug;
		};
		31BA70B41DC3090D009A72D6 /* Release */ = {
			isa = XCBuildConfiguration;
			buildSettings = {
				ALWAYS_SEARCH_USER_PATHS = NO;
				CLANG_ANALYZER_NONNULL = YES;
				CLANG_CXX_LANGUAGE_STANDARD = "gnu++0x";
				CLANG_CXX_LIBRARY = "libc++";
				CLANG_ENABLE_MODULES = YES;
				CLANG_ENABLE_OBJC_ARC = YES;
				CLANG_WARN_BOOL_CONVERSION = YES;
				CLANG_WARN_CONSTANT_CONVERSION = YES;
				CLANG_WARN_DIRECT_OBJC_ISA_USAGE = YES_ERROR;
				CLANG_WARN_DOCUMENTATION_COMMENTS = YES;
				CLANG_WARN_EMPTY_BODY = YES;
				CLANG_WARN_ENUM_CONVERSION = YES;
				CLANG_WARN_INFINITE_RECURSION = YES;
				CLANG_WARN_INT_CONVERSION = YES;
				CLANG_WARN_OBJC_ROOT_CLASS = YES_ERROR;
				CLANG_WARN_SUSPICIOUS_MOVE = YES;
				CLANG_WARN_SUSPICIOUS_MOVES = YES;
				CLANG_WARN_UNREACHABLE_CODE = YES;
				CLANG_WARN__DUPLICATE_METHOD_MATCH = YES;
				"CODE_SIGN_IDENTITY[sdk=iphoneos*]" = "iPhone Developer";
				COPY_PHASE_STRIP = NO;
				DEBUG_INFORMATION_FORMAT = "dwarf-with-dsym";
				ENABLE_NS_ASSERTIONS = NO;
				ENABLE_STRICT_OBJC_MSGSEND = YES;
				GCC_C_LANGUAGE_STANDARD = gnu99;
				GCC_NO_COMMON_BLOCKS = YES;
				GCC_WARN_64_TO_32_BIT_CONVERSION = YES;
				GCC_WARN_ABOUT_RETURN_TYPE = YES_ERROR;
				GCC_WARN_UNDECLARED_SELECTOR = YES;
				GCC_WARN_UNINITIALIZED_AUTOS = YES_AGGRESSIVE;
				GCC_WARN_UNUSED_FUNCTION = YES;
				GCC_WARN_UNUSED_VARIABLE = YES;
				IPHONEOS_DEPLOYMENT_TARGET = 10.0;
				MTL_ENABLE_DEBUG_INFO = NO;
				SDKROOT = iphoneos;
				SWIFT_OPTIMIZATION_LEVEL = "-Owholemodule";
				VALIDATE_PRODUCT = YES;
			};
			name = Release;
		};
		31BA70B61DC3090D009A72D6 /* Debug */ = {
			isa = XCBuildConfiguration;
			baseConfigurationReference = F24660B47D290DE1784B337C /* Pods-ShopApp.debug.xcconfig */;
			buildSettings = {
				ALWAYS_EMBED_SWIFT_STANDARD_LIBRARIES = YES;
				ASSETCATALOG_COMPILER_APPICON_NAME = AppIcon;
				DEVELOPMENT_TEAM = W6X8G863UY;
				INFOPLIST_FILE = ShopApp/Info.plist;
				LD_RUNPATH_SEARCH_PATHS = "$(inherited) @executable_path/Frameworks";
				PRODUCT_BUNDLE_IDENTIFIER = "com.sunny-juof.ShopApp";
				PRODUCT_NAME = "$(TARGET_NAME)";
				SWIFT_VERSION = 3.0;
			};
			name = Debug;
		};
		31BA70B71DC3090D009A72D6 /* Release */ = {
			isa = XCBuildConfiguration;
			baseConfigurationReference = DFD1301772C991D650F72468 /* Pods-ShopApp.release.xcconfig */;
			buildSettings = {
				ALWAYS_EMBED_SWIFT_STANDARD_LIBRARIES = YES;
				ASSETCATALOG_COMPILER_APPICON_NAME = AppIcon;
				DEVELOPMENT_TEAM = W6X8G863UY;
				INFOPLIST_FILE = ShopApp/Info.plist;
				LD_RUNPATH_SEARCH_PATHS = "$(inherited) @executable_path/Frameworks";
				PRODUCT_BUNDLE_IDENTIFIER = "com.sunny-juof.ShopApp";
				PRODUCT_NAME = "$(TARGET_NAME)";
				SWIFT_VERSION = 3.0;
			};
			name = Release;
		};
		31BA70B91DC3090D009A72D6 /* Debug */ = {
			isa = XCBuildConfiguration;
			baseConfigurationReference = 09E5EC93861388DF9B10010A /* Pods-ShopAppTests.debug.xcconfig */;
			buildSettings = {
				ALWAYS_EMBED_SWIFT_STANDARD_LIBRARIES = YES;
				BUNDLE_LOADER = "$(TEST_HOST)";
				INFOPLIST_FILE = ShopAppTests/Info.plist;
				LD_RUNPATH_SEARCH_PATHS = "$(inherited) @executable_path/Frameworks @loader_path/Frameworks";
				PRODUCT_BUNDLE_IDENTIFIER = "com.sunny-juof.ShopAppTests";
				PRODUCT_NAME = "$(TARGET_NAME)";
				SWIFT_VERSION = 3.0;
				TEST_HOST = "$(BUILT_PRODUCTS_DIR)/ShopApp.app/ShopApp";
			};
			name = Debug;
		};
		31BA70BA1DC3090D009A72D6 /* Release */ = {
			isa = XCBuildConfiguration;
			baseConfigurationReference = CF2616DBBF49FBA63E11BBFC /* Pods-ShopAppTests.release.xcconfig */;
			buildSettings = {
				ALWAYS_EMBED_SWIFT_STANDARD_LIBRARIES = YES;
				BUNDLE_LOADER = "$(TEST_HOST)";
				INFOPLIST_FILE = ShopAppTests/Info.plist;
				LD_RUNPATH_SEARCH_PATHS = "$(inherited) @executable_path/Frameworks @loader_path/Frameworks";
				PRODUCT_BUNDLE_IDENTIFIER = "com.sunny-juof.ShopAppTests";
				PRODUCT_NAME = "$(TARGET_NAME)";
				SWIFT_VERSION = 3.0;
				TEST_HOST = "$(BUILT_PRODUCTS_DIR)/ShopApp.app/ShopApp";
			};
			name = Release;
		};
/* End XCBuildConfiguration section */

/* Begin XCConfigurationList section */
		31BA70931DC3090D009A72D6 /* Build configuration list for PBXProject "ShopApp" */ = {
			isa = XCConfigurationList;
			buildConfigurations = (
				31BA70B31DC3090D009A72D6 /* Debug */,
				31BA70B41DC3090D009A72D6 /* Release */,
			);
			defaultConfigurationIsVisible = 0;
			defaultConfigurationName = Release;
		};
		31BA70B51DC3090D009A72D6 /* Build configuration list for PBXNativeTarget "ShopApp" */ = {
			isa = XCConfigurationList;
			buildConfigurations = (
				31BA70B61DC3090D009A72D6 /* Debug */,
				31BA70B71DC3090D009A72D6 /* Release */,
			);
			defaultConfigurationIsVisible = 0;
			defaultConfigurationName = Release;
		};
		31BA70B81DC3090D009A72D6 /* Build configuration list for PBXNativeTarget "ShopAppTests" */ = {
			isa = XCConfigurationList;
			buildConfigurations = (
				31BA70B91DC3090D009A72D6 /* Debug */,
				31BA70BA1DC3090D009A72D6 /* Release */,
			);
			defaultConfigurationIsVisible = 0;
			defaultConfigurationName = Release;
		};
/* End XCConfigurationList section */
	};
	rootObject = 31BA70901DC3090D009A72D6 /* Project object */;
}
